
Microsoft Visual Studio Solution File, Format Version 12.00
# Visual Studio 2013
VisualStudioVersion = 12.0.31101.0
MinimumVisualStudioVersion = 10.0.40219.1
Project("{FAE04EC0-301F-11D3-BF4B-00C04F79EFBC}") = "SportsStore.Domain", "SportsStore.Domain\SportsStore.Domain.csproj", "{EE4BC547-AAE7-47B5-80B2-220B687A2888}"
EndProject
Project("{FAE04EC0-301F-11D3-BF4B-00C04F79EFBC}") = "SportsStore.WebUI", "SportsStore.WebUI\SportsStore.WebUI.csproj", "{62AAEA66-6FD6-4579-8F4E-FF7CDC5B028D}"
EndProject
Project("{FAE04EC0-301F-11D3-BF4B-00C04F79EFBC}") = "SportsStore.UnitTests", "SportsStore.UnitTests\SportsStore.UnitTests.csproj", "{871ABF39-6F82-4E14-94EA-3786C6D517D5}"
EndProject
Global
	GlobalSection(SolutionConfigurationPlatforms) = preSolution
		Debug|Any CPU = Debug|Any CPU
		Release|Any CPU = Release|Any CPU
	EndGlobalSection
	GlobalSection(ProjectConfigurationPlatforms) = postSolution
		{EE4BC547-AAE7-47B5-80B2-220B687A2888}.Debug|Any CPU.ActiveCfg = Debug|Any CPU
		{EE4BC547-AAE7-47B5-80B2-220B687A2888}.Debug|Any CPU.Build.0 = Debug|Any CPU
		{EE4BC547-AAE7-47B5-80B2-220B687A2888}.Release|Any CPU.ActiveCfg = Release|Any CPU
		{EE4BC547-AAE7-47B5-80B2-220B687A2888}.Release|Any CPU.Build.0 = Release|Any CPU
		{62AAEA66-6FD6-4579-8F4E-FF7CDC5B028D}.Debug|Any CPU.ActiveCfg = Debug|Any CPU
		{62AAEA66-6FD6-4579-8F4E-FF7CDC5B028D}.Debug|Any CPU.Build.0 = Debug|Any CPU
		{62AAEA66-6FD6-4579-8F4E-FF7CDC5B028D}.Release|Any CPU.ActiveCfg = Release|Any CPU
		{62AAEA66-6FD6-4579-8F4E-FF7CDC5B028D}.Release|Any CPU.Build.0 = Release|Any CPU
		{871ABF39-6F82-4E14-94EA-3786C6D517D5}.Debug|Any CPU.ActiveCfg = Debug|Any CPU
		{871ABF39-6F82-4E14-94EA-3786C6D517D5}.Debug|Any CPU.Build.0 = Debug|Any CPU
		{871ABF39-6F82-4E14-94EA-3786C6D517D5}.Release|Any CPU.ActiveCfg = Release|Any CPU
		{871ABF39-6F82-4E14-94EA-3786C6D517D5}.Release|Any CPU.Build.0 = Release|Any CPU
	EndGlobalSection
	GlobalSection(SolutionProperties) = preSolution
		HideSolutionNode = FALSE
	EndGlobalSection
EndGlobal
